Microsoft Visual Studio Solution File, Format Version 11.00
# Visual Studio 2008

Project("{B3135E0F-AD35-0D4E-F75B-F3198F6B4467}") = "AutomationSE", "Assembly-CSharp.csproj", "{39DE9591-023B-BE39-9E35-3CA87B824EFF}"
EndProject
Project("{B3135E0F-AD35-0D4E-F75B-F3198F6B4467}") = "AutomationSE", "Assembly-CSharp-Editor.csproj", "{2CA71427-D02E-AB0A-71D2-09D1D501E0A5}"
EndProject
Global
	GlobalSection(SolutionConfigurationPlatforms) = preSolution
		Debug|Any CPU = Debug|Any CPU
		Release|Any CPU = Release|Any CPU
	EndGlobalSection
	GlobalSection(ProjectConfigurationPlatforms) = postSolution
		{39DE9591-023B-BE39-9E35-3CA87B824EFF}.Debug|Any CPU.ActiveCfg = Debug|Any CPU
		{39DE9591-023B-BE39-9E35-3CA87B824EFF}.Debug|Any CPU.Build.0 = Debug|Any CPU
		{39DE9591-023B-BE39-9E35-3CA87B824EFF}.Release|Any CPU.ActiveCfg = Release|Any CPU
		{39DE9591-023B-BE39-9E35-3CA87B824EFF}.Release|Any CPU.Build.0 = Release|Any CPU
		{2CA71427-D02E-AB0A-71D2-09D1D501E0A5}.Debug|Any CPU.ActiveCfg = Debug|Any CPU
		{2CA71427-D02E-AB0A-71D2-09D1D501E0A5}.Debug|Any CPU.Build.0 = Debug|Any CPU
		{2CA71427-D02E-AB0A-71D2-09D1D501E0A5}.Release|Any CPU.ActiveCfg = Release|Any CPU
		{2CA71427-D02E-AB0A-71D2-09D1D501E0A5}.Release|Any CPU.Build.0 = Release|Any CPU
	EndGlobalSection
	GlobalSection(SolutionProperties) = preSolution
		HideSolutionNode = FALSE
	EndGlobalSection
							GlobalSection(MonoDevelopProperties) = preSolution
		StartupItem = Assembly-CSharp.csproj
	EndGlobalSection

EndGlobal
