
Microsoft Visual Studio Solution File, Format Version 12.00
# Visual Studio for Mac
Project("{FAE04EC0-301F-11D3-BF4B-00C04F79EFBC}") = "AutomationSE.Plugins", "AutomationSE.Plugins.csproj", "{F6EB1128-8B1D-0C8E-95ED-C38D3869F1F7}"
EndProject
Project("{FAE04EC0-301F-11D3-BF4B-00C04F79EFBC}") = "AutomationSE", "AutomationSE.csproj", "{DD0AD1EA-702E-76BC-ACF5-0379512C46BA}"
EndProject
Project("{FAE04EC0-301F-11D3-BF4B-00C04F79EFBC}") = "AutomationSE.Editor", "AutomationSE.Editor.csproj", "{B3AB9C03-C819-AC4A-F0DB-FDDA7ACE6537}"
EndProject
Global
	GlobalSection(SolutionConfigurationPlatforms) = preSolution
		Debug|Any CPU = Debug|Any CPU
		Release|Any CPU = Release|Any CPU
	EndGlobalSection
	GlobalSection(ProjectConfigurationPlatforms) = postSolution
		{F6EB1128-8B1D-0C8E-95ED-C38D3869F1F7}.Debug|Any CPU.ActiveCfg = Debug|Any CPU
		{F6EB1128-8B1D-0C8E-95ED-C38D3869F1F7}.Debug|Any CPU.Build.0 = Debug|Any CPU
		{F6EB1128-8B1D-0C8E-95ED-C38D3869F1F7}.Release|Any CPU.ActiveCfg = Release|Any CPU
		{F6EB1128-8B1D-0C8E-95ED-C38D3869F1F7}.Release|Any CPU.Build.0 = Release|Any CPU
		{DD0AD1EA-702E-76BC-ACF5-0379512C46BA}.Debug|Any CPU.ActiveCfg = Debug|Any CPU
		{DD0AD1EA-702E-76BC-ACF5-0379512C46BA}.Debug|Any CPU.Build.0 = Debug|Any CPU
		{DD0AD1EA-702E-76BC-ACF5-0379512C46BA}.Release|Any CPU.ActiveCfg = Release|Any CPU
		{DD0AD1EA-702E-76BC-ACF5-0379512C46BA}.Release|Any CPU.Build.0 = Release|Any CPU
		{B3AB9C03-C819-AC4A-F0DB-FDDA7ACE6537}.Debug|Any CPU.ActiveCfg = Debug|Any CPU
		{B3AB9C03-C819-AC4A-F0DB-FDDA7ACE6537}.Debug|Any CPU.Build.0 = Debug|Any CPU
		{B3AB9C03-C819-AC4A-F0DB-FDDA7ACE6537}.Release|Any CPU.ActiveCfg = Release|Any CPU
		{B3AB9C03-C819-AC4A-F0DB-FDDA7ACE6537}.Release|Any CPU.Build.0 = Release|Any CPU
	EndGlobalSection
	GlobalSection(SolutionProperties) = preSolution
		HideSolutionNode = FALSE
	EndGlobalSection
EndGlobal
